
Microsoft Visual Studio Solution File, Format Version 12.00
# Visual Studio Version 17
VisualStudioVersion = 17.3.32819.101
MinimumVisualStudioVersion = 10.0.40219.1
Project("{FAE04EC0-301F-11D3-BF4B-00C04F79EFBC}") = "HTMLBOOTSTRAPTASK", "HTMLBOOTSTRAPTASK\HTMLBOOTSTRAPTASK.csproj", "{2CF400C1-D5C8-4B5F-9C17-9B855FB8CD93}"
EndProject
Global
	GlobalSection(SolutionConfigurationPlatforms) = preSolution
		Debug|Any CPU = Debug|Any CPU
		Release|Any CPU = Release|Any CPU
	EndGlobalSection
	GlobalSection(ProjectConfigurationPlatforms) = postSolution
		{2CF400C1-D5C8-4B5F-9C17-9B855FB8CD93}.Debug|Any CPU.ActiveCfg = Debug|Any CPU
		{2CF400C1-D5C8-4B5F-9C17-9B855FB8CD93}.Debug|Any CPU.Build.0 = Debug|Any CPU
		{2CF400C1-D5C8-4B5F-9C17-9B855FB8CD93}.Release|Any CPU.ActiveCfg = Release|Any CPU
		{2CF400C1-D5C8-4B5F-9C17-9B855FB8CD93}.Release|Any CPU.Build.0 = Release|Any CPU
	EndGlobalSection
	GlobalSection(SolutionProperties) = preSolution
		HideSolutionNode = FALSE
	EndGlobalSection
	GlobalSection(ExtensibilityGlobals) = postSolution
		SolutionGuid = {7AC0AAD2-0257-4D0E-AEE1-CEA16956AF1F}
	EndGlobalSection
EndGlobal
